// !$*UTF8*$!
{
	archiveVersion = 1;
	classes = {
	};
	objectVersion = 56;
	objects = {

/* Begin PBXBuildFile section */
		232EFBC02C92ED5A00EC5266 /* LoginModel.swift in Sources */ = {isa = PBXBuildFile; fileRef = 232EFBBF2C92ED5A00EC5266 /* LoginModel.swift */; };
		238202052C341CC60024581B /* DashboardCardView.swift in Sources */ = {isa = PBXBuildFile; fileRef = 238201F12C341CC60024581B /* DashboardCardView.swift */; };
		238202062C341CC60024581B /* DashboardHeaderView.swift in Sources */ = {isa = PBXBuildFile; fileRef = 238201F22C341CC60024581B /* DashboardHeaderView.swift */; };
		238202072C341CC60024581B /* DashboardView.swift in Sources */ = {isa = PBXBuildFile; fileRef = 238201F42C341CC60024581B /* DashboardView.swift */; };
		238202082C341CC60024581B /* BOLPhotoActionsView.swift in Sources */ = {isa = PBXBuildFile; fileRef = 238201F62C341CC60024581B /* BOLPhotoActionsView.swift */; };
		238202092C341CC60024581B /* FullScreenImageView.swift in Sources */ = {isa = PBXBuildFile; fileRef = 238201F72C341CC60024581B /* FullScreenImageView.swift */; };
		2382020A2C341CC60024581B /* ImagePickerView.swift in Sources */ = {isa = PBXBuildFile; fileRef = 238201F82C341CC60024581B /* ImagePickerView.swift */; };
		2382020B2C341CC60024581B /* LoadDetailsView.swift in Sources */ = {isa = PBXBuildFile; fileRef = 238201F92C341CC60024581B /* LoadDetailsView.swift */; };
		2382020C2C341CC60024581B /* LoadsView.swift in Sources */ = {isa = PBXBuildFile; fileRef = 238201FB2C341CC60024581B /* LoadsView.swift */; };
		2382020D2C341CC60024581B /* SingleLoadView.swift in Sources */ = {isa = PBXBuildFile; fileRef = 238201FC2C341CC60024581B /* SingleLoadView.swift */; };
		2382020E2C341CC60024581B /* MapSearchBarView.swift in Sources */ = {isa = PBXBuildFile; fileRef = 238201FE2C341CC60024581B /* MapSearchBarView.swift */; };
		2382020F2C341CC60024581B /* MapView.swift in Sources */ = {isa = PBXBuildFile; fileRef = 238202002C341CC60024581B /* MapView.swift */; };
		238202102C341CC60024581B /* SettingsView.swift in Sources */ = {isa = PBXBuildFile; fileRef = 238202022C341CC60024581B /* SettingsView.swift */; };
		238202152C341CE00024581B /* mobile_load_ioApp.swift in Sources */ = {isa = PBXBuildFile; fileRef = 238202112C341CE00024581B /* mobile_load_ioApp.swift */; };
		238202162C341CE00024581B /* NetworkService.swift in Sources */ = {isa = PBXBuildFile; fileRef = 238202122C341CE00024581B /* NetworkService.swift */; };
		238202172C341CE00024581B /* TokenManager.swift in Sources */ = {isa = PBXBuildFile; fileRef = 238202132C341CE00024581B /* TokenManager.swift */; };
		2386E2722C35621E004A338C /* CLLocationCoordinate2DExtension.swift in Sources */ = {isa = PBXBuildFile; fileRef = 2386E2712C35621E004A338C /* CLLocationCoordinate2DExtension.swift */; };
		23B3DE272C29A7D00036F4C5 /* ContentView.swift in Sources */ = {isa = PBXBuildFile; fileRef = 23B3DE262C29A7D00036F4C5 /* ContentView.swift */; };
		23B3DE2C2C29A7D10036F4C5 /* Preview Assets.xcassets in Resources */ = {isa = PBXBuildFile; fileRef = 23B3DE2B2C29A7D10036F4C5 /* Preview Assets.xcassets */; };
		23B3DE3E2C29B75C0036F4C5 /* LoginView.swift in Sources */ = {isa = PBXBuildFile; fileRef = 23B3DE3D2C29B75C0036F4C5 /* LoginView.swift */; };
		23B3DE402C29B8B70036F4C5 /* SingleLoad.swift in Sources */ = {isa = PBXBuildFile; fileRef = 23B3DE3F2C29B8B70036F4C5 /* SingleLoad.swift */; };
		23B3DE472C2AE6930036F4C5 /* UserModel.swift in Sources */ = {isa = PBXBuildFile; fileRef = 23B3DE462C2AE6930036F4C5 /* UserModel.swift */; };
		23B3DE4A2C2C10EF0036F4C5 /* APIEndpoints.swift in Sources */ = {isa = PBXBuildFile; fileRef = 23B3DE492C2C10EF0036F4C5 /* APIEndpoints.swift */; };
		23B3DE4E2C2C29DE0036F4C5 /* LoadsResponse.swift in Sources */ = {isa = PBXBuildFile; fileRef = 23B3DE4D2C2C29DD0036F4C5 /* LoadsResponse.swift */; };
		23B3DE512C2C53450036F4C5 /* StringExtensions.swift in Sources */ = {isa = PBXBuildFile; fileRef = 23B3DE502C2C53450036F4C5 /* StringExtensions.swift */; };
		23B3DE532C2C5C210036F4C5 /* SplashScreenView.swift in Sources */ = {isa = PBXBuildFile; fileRef = 23B3DE522C2C5C210036F4C5 /* SplashScreenView.swift */; };
		23F268F12C903FD8009B3C85 /* Assets.xcassets in Resources */ = {isa = PBXBuildFile; fileRef = 23F268F02C903FD8009B3C85 /* Assets.xcassets */; };
		23F268F62C90410C009B3C85 /* FileFolderView.swift in Sources */ = {isa = PBXBuildFile; fileRef = 23F268F52C90410C009B3C85 /* FileFolderView.swift */; };
/* End PBXBuildFile section */

/* Begin PBXFileReference section */
		232EFBBF2C92ED5A00EC5266 /* LoginModel.swift */ = {isa = PBXFileReference; lastKnownFileType = sourcecode.swift; path = LoginModel.swift; sourceTree = "<group>"; };
		235092862C2DA59600C34190 /* mobile-load-io-Info.plist */ = {isa = PBXFileReference; lastKnownFileType = text.plist; path = "mobile-load-io-Info.plist"; sourceTree = SOURCE_ROOT; };
		238201F12C341CC60024581B /* DashboardCardView.swift */ = {isa = PBXFileReference; fileEncoding = 4; lastKnownFileType = sourcecode.swift; path = DashboardCardView.swift; sourceTree = "<group>"; };
		238201F22C341CC60024581B /* DashboardHeaderView.swift */ = {isa = PBXFileReference; fileEncoding = 4; lastKnownFileType = sourcecode.swift; path = DashboardHeaderView.swift; sourceTree = "<group>"; };
		238201F42C341CC60024581B /* DashboardView.swift */ = {isa = PBXFileReference; fileEncoding = 4; lastKnownFileType = sourcecode.swift; path = DashboardView.swift; sourceTree = "<group>"; };
		238201F62C341CC60024581B /* BOLPhotoActionsView.swift */ = {isa = PBXFileReference; fileEncoding = 4; lastKnownFileType = sourcecode.swift; path = BOLPhotoActionsView.swift; sourceTree = "<group>"; };
		238201F72C341CC60024581B /* FullScreenImageView.swift */ = {isa = PBXFileReference; fileEncoding = 4; lastKnownFileType = sourcecode.swift; path = FullScreenImageView.swift; sourceTree = "<group>"; };
		238201F82C341CC60024581B /* ImagePickerView.swift */ = {isa = PBXFileReference; fileEncoding = 4; lastKnownFileType = sourcecode.swift; path = ImagePickerView.swift; sourceTree = "<group>"; };
		238201F92C341CC60024581B /* LoadDetailsView.swift */ = {isa = PBXFileReference; fileEncoding = 4; lastKnownFileType = sourcecode.swift; path = LoadDetailsView.swift; sourceTree = "<group>"; };
		238201FB2C341CC60024581B /* LoadsView.swift */ = {isa = PBXFileReference; fileEncoding = 4; lastKnownFileType = sourcecode.swift; path = LoadsView.swift; sourceTree = "<group>"; };
		238201FC2C341CC60024581B /* SingleLoadView.swift */ = {isa = PBXFileReference; fileEncoding = 4; lastKnownFileType = sourcecode.swift; path = SingleLoadView.swift; sourceTree = "<group>"; };
		238201FE2C341CC60024581B /* MapSearchBarView.swift */ = {isa = PBXFileReference; fileEncoding = 4; lastKnownFileType = sourcecode.swift; path = MapSearchBarView.swift; sourceTree = "<group>"; };
		238202002C341CC60024581B /* MapView.swift */ = {isa = PBXFileReference; fileEncoding = 4; lastKnownFileType = sourcecode.swift; path = MapView.swift; sourceTree = "<group>"; };
		238202022C341CC60024581B /* SettingsView.swift */ = {isa = PBXFileReference; fileEncoding = 4; lastKnownFileType = sourcecode.swift; path = SettingsView.swift; sourceTree = "<group>"; };
		238202112C341CE00024581B /* mobile_load_ioApp.swift */ = {isa = PBXFileReference; fileEncoding = 4; lastKnownFileType = sourcecode.swift; path = mobile_load_ioApp.swift; sourceTree = "<group>"; };
		238202122C341CE00024581B /* NetworkService.swift */ = {isa = PBXFileReference; fileEncoding = 4; lastKnownFileType = sourcecode.swift; path = NetworkService.swift; sourceTree = "<group>"; };
		238202132C341CE00024581B /* TokenManager.swift */ = {isa = PBXFileReference; fileEncoding = 4; lastKnownFileType = sourcecode.swift; path = TokenManager.swift; sourceTree = "<group>"; };
		2386E2712C35621E004A338C /* CLLocationCoordinate2DExtension.swift */ = {isa = PBXFileReference; lastKnownFileType = sourcecode.swift; path = CLLocationCoordinate2DExtension.swift; sourceTree = "<group>"; };
		23B3DE212C29A7D00036F4C5 /* mobile-load.io.app */ = {isa = PBXFileReference; explicitFileType = wrapper.application; includeInIndex = 0; path = "mobile-load.io.app"; sourceTree = BUILT_PRODUCTS_DIR; };
		23B3DE262C29A7D00036F4C5 /* ContentView.swift */ = {isa = PBXFileReference; lastKnownFileType = sourcecode.swift; path = ContentView.swift; sourceTree = "<group>"; };
		23B3DE2B2C29A7D10036F4C5 /* Preview Assets.xcassets */ = {isa = PBXFileReference; lastKnownFileType = folder.assetcatalog; path = "Preview Assets.xcassets"; sourceTree = "<group>"; };
		23B3DE3D2C29B75C0036F4C5 /* LoginView.swift */ = {isa = PBXFileReference; lastKnownFileType = sourcecode.swift; path = LoginView.swift; sourceTree = "<group>"; };
		23B3DE3F2C29B8B70036F4C5 /* SingleLoad.swift */ = {isa = PBXFileReference; lastKnownFileType = sourcecode.swift; path = SingleLoad.swift; sourceTree = "<group>"; };
		23B3DE462C2AE6930036F4C5 /* UserModel.swift */ = {isa = PBXFileReference; lastKnownFileType = sourcecode.swift; path = UserModel.swift; sourceTree = "<group>"; };
		23B3DE492C2C10EF0036F4C5 /* APIEndpoints.swift */ = {isa = PBXFileReference; lastKnownFileType = sourcecode.swift; path = APIEndpoints.swift; sourceTree = "<group>"; };
		23B3DE4D2C2C29DD0036F4C5 /* LoadsResponse.swift */ = {isa = PBXFileReference; lastKnownFileType = sourcecode.swift; path = LoadsResponse.swift; sourceTree = "<group>"; };
		23B3DE502C2C53450036F4C5 /* StringExtensions.swift */ = {isa = PBXFileReference; lastKnownFileType = sourcecode.swift; path = StringExtensions.swift; sourceTree = "<group>"; };
		23B3DE522C2C5C210036F4C5 /* SplashScreenView.swift */ = {isa = PBXFileReference; lastKnownFileType = sourcecode.swift; path = SplashScreenView.swift; sourceTree = "<group>"; };
		23F268F02C903FD8009B3C85 /* Assets.xcassets */ = {isa = PBXFileReference; lastKnownFileType = folder.assetcatalog; name = Assets.xcassets; path = "mobile-load.io/Assets.xcassets"; sourceTree = SOURCE_ROOT; };
		23F268F52C90410C009B3C85 /* FileFolderView.swift */ = {isa = PBXFileReference; lastKnownFileType = sourcecode.swift; path = FileFolderView.swift; sourceTree = "<group>"; };
/* End PBXFileReference section */

/* Begin PBXFrameworksBuildPhase section */
		23B3DE1E2C29A7D00036F4C5 /* Frameworks */ = {
			isa = PBXFrameworksBuildPhase;
			buildActionMask = 2147483647;
			files = (
			);
			runOnlyForDeploymentPostprocessing = 0;
		};
/* End PBXFrameworksBuildPhase section */

/* Begin PBXGroup section */
		238201F32C341CC60024581B /* DashboardComponents */ = {
			isa = PBXGroup;
			children = (
				238201F12C341CC60024581B /* DashboardCardView.swift */,
				238201F22C341CC60024581B /* DashboardHeaderView.swift */,
			);
			path = DashboardComponents;
			sourceTree = "<group>";
		};
		238201F52C341CC60024581B /* Dashboard */ = {
			isa = PBXGroup;
			children = (
				238201F32C341CC60024581B /* DashboardComponents */,
				238201F42C341CC60024581B /* DashboardView.swift */,
			);
			path = Dashboard;
			sourceTree = "<group>";
		};
		238201FA2C341CC60024581B /* LoadsServiceClassesAndSubviews */ = {
			isa = PBXGroup;
			children = (
				238201F62C341CC60024581B /* BOLPhotoActionsView.swift */,
				238201F72C341CC60024581B /* FullScreenImageView.swift */,
				238201F82C341CC60024581B /* ImagePickerView.swift */,
				238201F92C341CC60024581B /* LoadDetailsView.swift */,
			);
			path = LoadsServiceClassesAndSubviews;
			sourceTree = "<group>";
		};
		238201FD2C341CC60024581B /* Loads */ = {
			isa = PBXGroup;
			children = (
				238201FA2C341CC60024581B /* LoadsServiceClassesAndSubviews */,
				238201FB2C341CC60024581B /* LoadsView.swift */,
				238201FC2C341CC60024581B /* SingleLoadView.swift */,
			);
			path = Loads;
			sourceTree = "<group>";
		};
		238201FF2C341CC60024581B /* MapComponents */ = {
			isa = PBXGroup;
			children = (
				238201FE2C341CC60024581B /* MapSearchBarView.swift */,
			);
			path = MapComponents;
			sourceTree = "<group>";
		};
		238202012C341CC60024581B /* Map */ = {
			isa = PBXGroup;
			children = (
				238201FF2C341CC60024581B /* MapComponents */,
				238202002C341CC60024581B /* MapView.swift */,
			);
			path = Map;
			sourceTree = "<group>";
		};
		238202032C341CC60024581B /* Settings */ = {
			isa = PBXGroup;
			children = (
				23F268F22C9040C1009B3C85 /* Filer Folder */,
				238202022C341CC60024581B /* SettingsView.swift */,
			);
			path = Settings;
			sourceTree = "<group>";
		};
		238202042C341CC60024581B /* Tabs */ = {
			isa = PBXGroup;
			children = (
				238201F52C341CC60024581B /* Dashboard */,
				238201FD2C341CC60024581B /* Loads */,
				238202012C341CC60024581B /* Map */,
				238202032C341CC60024581B /* Settings */,
			);
			path = Tabs;
			sourceTree = "<group>";
		};
		238202142C341CE00024581B /* Controller */ = {
			isa = PBXGroup;
			children = (
				238202112C341CE00024581B /* mobile_load_ioApp.swift */,
				238202122C341CE00024581B /* NetworkService.swift */,
				238202132C341CE00024581B /* TokenManager.swift */,
			);
			path = Controller;
			sourceTree = "<group>";
		};
		23B3DE182C29A7D00036F4C5 = {
			isa = PBXGroup;
			children = (
				23B3DE232C29A7D00036F4C5 /* mobile-load.io */,
				23B3DE222C29A7D00036F4C5 /* Products */,
			);
			sourceTree = "<group>";
		};
		23B3DE222C29A7D00036F4C5 /* Products */ = {
			isa = PBXGroup;
			children = (
				23B3DE212C29A7D00036F4C5 /* mobile-load.io.app */,
			);
			name = Products;
			sourceTree = "<group>";
		};
		23B3DE232C29A7D00036F4C5 /* mobile-load.io */ = {
			isa = PBXGroup;
			children = (
				235092862C2DA59600C34190 /* mobile-load-io-Info.plist */,
				23B3DE342C29A8200036F4C5 /* Model */,
				23B3DE332C29A81A0036F4C5 /* View */,
				238202142C341CE00024581B /* Controller */,
				23B3DE4F2C2C53260036F4C5 /* Extensions */,
				23B3DE482C2C10E60036F4C5 /* Network */,
				23F268F02C903FD8009B3C85 /* Assets.xcassets */,
				23B3DE2A2C29A7D10036F4C5 /* Preview Content */,
			);
			path = "mobile-load.io";
			sourceTree = "<group>";
		};
		23B3DE2A2C29A7D10036F4C5 /* Preview Content */ = {
			isa = PBXGroup;
			children = (
				23B3DE2B2C29A7D10036F4C5 /* Preview Assets.xcassets */,
			);
			path = "Preview Content";
			sourceTree = "<group>";
		};
		23B3DE332C29A81A0036F4C5 /* View */ = {
			isa = PBXGroup;
			children = (
				23B3DE522C2C5C210036F4C5 /* SplashScreenView.swift */,
				23B3DE3D2C29B75C0036F4C5 /* LoginView.swift */,
				23B3DE262C29A7D00036F4C5 /* ContentView.swift */,
				238202042C341CC60024581B /* Tabs */,
			);
			path = View;
			sourceTree = "<group>";
		};
		23B3DE342C29A8200036F4C5 /* Model */ = {
			isa = PBXGroup;
			children = (
				23B3DE4D2C2C29DD0036F4C5 /* LoadsResponse.swift */,
				23B3DE3F2C29B8B70036F4C5 /* SingleLoad.swift */,
				23B3DE462C2AE6930036F4C5 /* UserModel.swift */,
				232EFBBF2C92ED5A00EC5266 /* LoginModel.swift */,
			);
			path = Model;
			sourceTree = "<group>";
		};
		23B3DE482C2C10E60036F4C5 /* Network */ = {
			isa = PBXGroup;
			children = (
				23B3DE492C2C10EF0036F4C5 /* APIEndpoints.swift */,
			);
			path = Network;
			sourceTree = "<group>";
		};
		23B3DE4F2C2C53260036F4C5 /* Extensions */ = {
			isa = PBXGroup;
			children = (
				23B3DE502C2C53450036F4C5 /* StringExtensions.swift */,
				2386E2712C35621E004A338C /* CLLocationCoordinate2DExtension.swift */,
			);
			path = Extensions;
			sourceTree = "<group>";
		};
		23F268F22C9040C1009B3C85 /* Filer Folder */ = {
			isa = PBXGroup;
			children = (
				23F268F52C90410C009B3C85 /* FileFolderView.swift */,
			);
			path = "Filer Folder";
			sourceTree = "<group>";
		};
/* End PBXGroup section */

/* Begin PBXNativeTarget section */
		23B3DE202C29A7D00036F4C5 /* mobile-load.io */ = {
			isa = PBXNativeTarget;
			buildConfigurationList = 23B3DE2F2C29A7D10036F4C5 /* Build configuration list for PBXNativeTarget "mobile-load.io" */;
			buildPhases = (
				23B3DE1D2C29A7D00036F4C5 /* Sources */,
				23B3DE1E2C29A7D00036F4C5 /* Frameworks */,
				23B3DE1F2C29A7D00036F4C5 /* Resources */,
			);
			buildRules = (
			);
			dependencies = (
			);
			name = "mobile-load.io";
			productName = "mobile-load.io";
			productReference = 23B3DE212C29A7D00036F4C5 /* mobile-load.io.app */;
			productType = "com.apple.product-type.application";
		};
/* End PBXNativeTarget section */

/* Begin PBXProject section */
		23B3DE192C29A7D00036F4C5 /* Project object */ = {
			isa = PBXProject;
			attributes = {
				BuildIndependentTargetsInParallel = 1;
				LastSwiftUpdateCheck = 1540;
				LastUpgradeCheck = 1540;
				TargetAttributes = {
					23B3DE202C29A7D00036F4C5 = {
						CreatedOnToolsVersion = 15.4;
					};
				};
			};
			buildConfigurationList = 23B3DE1C2C29A7D00036F4C5 /* Build configuration list for PBXProject "mobile-load.io" */;
			compatibilityVersion = "Xcode 14.0";
			developmentRegion = en;
			hasScannedForEncodings = 0;
			knownRegions = (
				en,
				Base,
			);
			mainGroup = 23B3DE182C29A7D00036F4C5;
			productRefGroup = 23B3DE222C29A7D00036F4C5 /* Products */;
			projectDirPath = "";
			projectRoot = "";
			targets = (
				23B3DE202C29A7D00036F4C5 /* mobile-load.io */,
			);
		};
/* End PBXProject section */

/* Begin PBXResourcesBuildPhase section */
		23B3DE1F2C29A7D00036F4C5 /* Resources */ = {
			isa = PBXResourcesBuildPhase;
			buildActionMask = 2147483647;
			files = (
				23F268F12C903FD8009B3C85 /* Assets.xcassets in Resources */,
				23B3DE2C2C29A7D10036F4C5 /* Preview Assets.xcassets in Resources */,
			);
			runOnlyForDeploymentPostprocessing = 0;
		};
/* End PBXResourcesBuildPhase section */

/* Begin PBXSourcesBuildPhase section */
		23B3DE1D2C29A7D00036F4C5 /* Sources */ = {
			isa = PBXSourcesBuildPhase;
			buildActionMask = 2147483647;
			files = (
				2382020D2C341CC60024581B /* SingleLoadView.swift in Sources */,
				238202152C341CE00024581B /* mobile_load_ioApp.swift in Sources */,
				23B3DE4E2C2C29DE0036F4C5 /* LoadsResponse.swift in Sources */,
				2382020E2C341CC60024581B /* MapSearchBarView.swift in Sources */,
				238202162C341CE00024581B /* NetworkService.swift in Sources */,
				23B3DE402C29B8B70036F4C5 /* SingleLoad.swift in Sources */,
				23F268F62C90410C009B3C85 /* FileFolderView.swift in Sources */,
				23B3DE3E2C29B75C0036F4C5 /* LoginView.swift in Sources */,
				238202062C341CC60024581B /* DashboardHeaderView.swift in Sources */,
				2382020F2C341CC60024581B /* MapView.swift in Sources */,
				23B3DE4A2C2C10EF0036F4C5 /* APIEndpoints.swift in Sources */,
				2382020C2C341CC60024581B /* LoadsView.swift in Sources */,
				2382020A2C341CC60024581B /* ImagePickerView.swift in Sources */,
				23B3DE532C2C5C210036F4C5 /* SplashScreenView.swift in Sources */,
				238202052C341CC60024581B /* DashboardCardView.swift in Sources */,
				23B3DE272C29A7D00036F4C5 /* ContentView.swift in Sources */,
				23B3DE472C2AE6930036F4C5 /* UserModel.swift in Sources */,
				238202072C341CC60024581B /* DashboardView.swift in Sources */,
				23B3DE512C2C53450036F4C5 /* StringExtensions.swift in Sources */,
				238202172C341CE00024581B /* TokenManager.swift in Sources */,
				2386E2722C35621E004A338C /* CLLocationCoordinate2DExtension.swift in Sources */,
				232EFBC02C92ED5A00EC5266 /* LoginModel.swift in Sources */,
				238202092C341CC60024581B /* FullScreenImageView.swift in Sources */,
				2382020B2C341CC60024581B /* LoadDetailsView.swift in Sources */,
				238202082C341CC60024581B /* BOLPhotoActionsView.swift in Sources */,
				238202102C341CC60024581B /* SettingsView.swift in Sources */,
			);
			runOnlyForDeploymentPostprocessing = 0;
		};
/* End PBXSourcesBuildPhase section */

/* Begin XCBuildConfiguration section */
		23B3DE2D2C29A7D10036F4C5 /* Debug */ = {
			isa = XCBuildConfiguration;
			buildSettings = {
				ALWAYS_SEARCH_USER_PATHS = NO;
				ASSETCATALOG_COMPILER_GENERATE_SWIFT_ASSET_SYMBOL_EXTENSIONS = YES;
				CLANG_ANALYZER_NONNULL = YES;
				CLANG_ANALYZER_NUMBER_OBJECT_CONVERSION = YES_AGGRESSIVE;
				CLANG_CXX_LANGUAGE_STANDARD = "gnu++20";
				CLANG_ENABLE_MODULES = YES;
				CLANG_ENABLE_OBJC_ARC = YES;
				CLANG_ENABLE_OBJC_WEAK = YES;
				CLANG_WARN_BLOCK_CAPTURE_AUTORELEASING = YES;
				CLANG_WARN_BOOL_CONVERSION = YES;
				CLANG_WARN_COMMA = YES;
				CLANG_WARN_CONSTANT_CONVERSION = YES;
				CLANG_WARN_DEPRECATED_OBJC_IMPLEMENTATIONS = YES;
				CLANG_WARN_DIRECT_OBJC_ISA_USAGE = YES_ERROR;
				CLANG_WARN_DOCUMENTATION_COMMENTS = YES;
				CLANG_WARN_EMPTY_BODY = YES;
				CLANG_WARN_ENUM_CONVERSION = YES;
				CLANG_WARN_INFINITE_RECURSION = YES;
				CLANG_WARN_INT_CONVERSION = YES;
				CLANG_WARN_NON_LITERAL_NULL_CONVERSION = YES;
				CLANG_WARN_OBJC_IMPLICIT_RETAIN_SELF = YES;
				CLANG_WARN_OBJC_LITERAL_CONVERSION = YES;
				CLANG_WARN_OBJC_ROOT_CLASS = YES_ERROR;
				CLANG_WARN_QUOTED_INCLUDE_IN_FRAMEWORK_HEADER = YES;
				CLANG_WARN_RANGE_LOOP_ANALYSIS = YES;
				CLANG_WARN_STRICT_PROTOTYPES = YES;
				CLANG_WARN_SUSPICIOUS_MOVE = YES;
				CLANG_WARN_UNGUARDED_AVAILABILITY = YES_AGGRESSIVE;
				CLANG_WARN_UNREACHABLE_CODE = YES;
				CLANG_WARN__DUPLICATE_METHOD_MATCH = YES;
				COPY_PHASE_STRIP = NO;
				DEBUG_INFORMATION_FORMAT = dwarf;
				ENABLE_STRICT_OBJC_MSGSEND = YES;
				ENABLE_TESTABILITY = YES;
				ENABLE_USER_SCRIPT_SANDBOXING = YES;
				GCC_C_LANGUAGE_STANDARD = gnu17;
				GCC_DYNAMIC_NO_PIC = NO;
				GCC_NO_COMMON_BLOCKS = YES;
				GCC_OPTIMIZATION_LEVEL = 0;
				GCC_PREPROCESSOR_DEFINITIONS = (
					"DEBUG=1",
					"$(inherited)",
				);
				GCC_WARN_64_TO_32_BIT_CONVERSION = YES;
				GCC_WARN_ABOUT_RETURN_TYPE = YES_ERROR;
				GCC_WARN_UNDECLARED_SELECTOR = YES;
				GCC_WARN_UNINITIALIZED_AUTOS = YES_AGGRESSIVE;
				GCC_WARN_UNUSED_FUNCTION = YES;
				GCC_WARN_UNUSED_VARIABLE = YES;
				IPHONEOS_DEPLOYMENT_TARGET = 17.5;
				LOCALIZATION_PREFERS_STRING_CATALOGS = YES;
				MTL_ENABLE_DEBUG_INFO = INCLUDE_SOURCE;
				MTL_FAST_MATH = YES;
				ONLY_ACTIVE_ARCH = YES;
				SDKROOT = iphoneos;
				SWIFT_ACTIVE_COMPILATION_CONDITIONS = "DEBUG $(inherited)";
				SWIFT_OPTIMIZATION_LEVEL = "-Onone";
			};
			name = Debug;
		};
		23B3DE2E2C29A7D10036F4C5 /* Release */ = {
			isa = XCBuildConfiguration;
			buildSettings = {
				ALWAYS_SEARCH_USER_PATHS = NO;
				ASSETCATALOG_COMPILER_GENERATE_SWIFT_ASSET_SYMBOL_EXTENSIONS = YES;
				CLANG_ANALYZER_NONNULL = YES;
				CLANG_ANALYZER_NUMBER_OBJECT_CONVERSION = YES_AGGRESSIVE;
				CLANG_CXX_LANGUAGE_STANDARD = "gnu++20";
				CLANG_ENABLE_MODULES = YES;
				CLANG_ENABLE_OBJC_ARC = YES;
				CLANG_ENABLE_OBJC_WEAK = YES;
				CLANG_WARN_BLOCK_CAPTURE_AUTORELEASING = YES;
				CLANG_WARN_BOOL_CONVERSION = YES;
				CLANG_WARN_COMMA = YES;
				CLANG_WARN_CONSTANT_CONVERSION = YES;
				CLANG_WARN_DEPRECATED_OBJC_IMPLEMENTATIONS = YES;
				CLANG_WARN_DIRECT_OBJC_ISA_USAGE = YES_ERROR;
				CLANG_WARN_DOCUMENTATION_COMMENTS = YES;
				CLANG_WARN_EMPTY_BODY = YES;
				CLANG_WARN_ENUM_CONVERSION = YES;
				CLANG_WARN_INFINITE_RECURSION = YES;
				CLANG_WARN_INT_CONVERSION = YES;
				CLANG_WARN_NON_LITERAL_NULL_CONVERSION = YES;
				CLANG_WARN_OBJC_IMPLICIT_RETAIN_SELF = YES;
				CLANG_WARN_OBJC_LITERAL_CONVERSION = YES;
				CLANG_WARN_OBJC_ROOT_CLASS = YES_ERROR;
				CLANG_WARN_QUOTED_INCLUDE_IN_FRAMEWORK_HEADER = YES;
				CLANG_WARN_RANGE_LOOP_ANALYSIS = YES;
				CLANG_WARN_STRICT_PROTOTYPES = YES;
				CLANG_WARN_SUSPICIOUS_MOVE = YES;
				CLANG_WARN_UNGUARDED_AVAILABILITY = YES_AGGRESSIVE;
				CLANG_WARN_UNREACHABLE_CODE = YES;
				CLANG_WARN__DUPLICATE_METHOD_MATCH = YES;
				COPY_PHASE_STRIP = NO;
				DEBUG_INFORMATION_FORMAT = "dwarf-with-dsym";
				ENABLE_NS_ASSERTIONS = NO;
				ENABLE_STRICT_OBJC_MSGSEND = YES;
				ENABLE_USER_SCRIPT_SANDBOXING = YES;
				GCC_C_LANGUAGE_STANDARD = gnu17;
				GCC_NO_COMMON_BLOCKS = YES;
				GCC_WARN_64_TO_32_BIT_CONVERSION = YES;
				GCC_WARN_ABOUT_RETURN_TYPE = YES_ERROR;
				GCC_WARN_UNDECLARED_SELECTOR = YES;
				GCC_WARN_UNINITIALIZED_AUTOS = YES_AGGRESSIVE;
				GCC_WARN_UNUSED_FUNCTION = YES;
				GCC_WARN_UNUSED_VARIABLE = YES;
				IPHONEOS_DEPLOYMENT_TARGET = 17.5;
				LOCALIZATION_PREFERS_STRING_CATALOGS = YES;
				MTL_ENABLE_DEBUG_INFO = NO;
				MTL_FAST_MATH = YES;
				SDKROOT = iphoneos;
				SWIFT_COMPILATION_MODE = wholemodule;
				VALIDATE_PRODUCT = YES;
			};
			name = Release;
		};
		23B3DE302C29A7D10036F4C5 /* Debug */ = {
			isa = XCBuildConfiguration;
			buildSettings = {
				ASSETCATALOG_COMPILER_APPICON_NAME = AppIcon;
				ASSETCATALOG_COMPILER_GLOBAL_ACCENT_COLOR_NAME = AccentColor;
				CODE_SIGN_STYLE = Automatic;
				CURRENT_PROJECT_VERSION = 1;
				DEVELOPMENT_ASSET_PATHS = "\"mobile-load.io/Preview Content\"";
				DEVELOPMENT_TEAM = BDDP6C7KS5;
				ENABLE_PREVIEWS = YES;
				GENERATE_INFOPLIST_FILE = YES;
				INFOPLIST_FILE = "mobile-load-io-Info.plist";
				INFOPLIST_KEY_NSCameraUsageDescription = "We need access to the camera to take photos of BOLs.";
				INFOPLIST_KEY_NSLocationWhenInUseUsageDescription = "We need your permission to be able to show your location.";
				INFOPLIST_KEY_NSPhotoLibraryUsageDescription = "We need access to your photo library to select photos of BOLs.";
				INFOPLIST_KEY_UIApplicationSceneManifest_Generation = YES;
				INFOPLIST_KEY_UIApplicationSupportsIndirectInputEvents = YES;
				INFOPLIST_KEY_UILaunchScreen_Generation = YES;
				INFOPLIST_KEY_UISupportedInterfaceOrientations_iPad = "UIInterfaceOrientationPortrait UIInterfaceOrientationPortraitUpsideDown UIInterfaceOrientationLandscapeLeft UIInterfaceOrientationLandscapeRight";
				INFOPLIST_KEY_UISupportedInterfaceOrientations_iPhone = "UIInterfaceOrientationPortrait UIInterfaceOrientationLandscapeLeft UIInterfaceOrientationLandscapeRight";
				IPHONEOS_DEPLOYMENT_TARGET = 16.0;
				LD_RUNPATH_SEARCH_PATHS = (
					"$(inherited)",
					"@executable_path/Frameworks",
				);
				MARKETING_VERSION = 1.0;
				PRODUCT_BUNDLE_IDENTIFIER = "djordjear.mobile-load-io";
				PRODUCT_NAME = "$(TARGET_NAME)";
				SWIFT_EMIT_LOC_STRINGS = YES;
				SWIFT_VERSION = 5.0;
				TARGETED_DEVICE_FAMILY = "1,2";
			};
			name = Debug;
		};
		23B3DE312C29A7D10036F4C5 /* Release */ = {
			isa = XCBuildConfiguration;
			buildSettings = {
				ASSETCATALOG_COMPILER_APPICON_NAME = AppIcon;
				ASSETCATALOG_COMPILER_GLOBAL_ACCENT_COLOR_NAME = AccentColor;
				CODE_SIGN_STYLE = Automatic;
				CURRENT_PROJECT_VERSION = 1;
				DEVELOPMENT_ASSET_PATHS = "\"mobile-load.io/Preview Content\"";
				DEVELOPMENT_TEAM = BDDP6C7KS5;
				ENABLE_PREVIEWS = YES;
				GENERATE_INFOPLIST_FILE = YES;
				INFOPLIST_FILE = "mobile-load-io-Info.plist";
				INFOPLIST_KEY_NSCameraUsageDescription = "We need access to the camera to take photos of BOLs.";
				INFOPLIST_KEY_NSLocationWhenInUseUsageDescription = "We need your permission to be able to show your location.";
				INFOPLIST_KEY_NSPhotoLibraryUsageDescription = "We need access to your photo library to select photos of BOLs.";
				INFOPLIST_KEY_UIApplicationSceneManifest_Generation = YES;
				INFOPLIST_KEY_UIApplicationSupportsIndirectInputEvents = YES;
				INFOPLIST_KEY_UILaunchScreen_Generation = YES;
				INFOPLIST_KEY_UISupportedInterfaceOrientations_iPad = "UIInterfaceOrientationPortrait UIInterfaceOrientationPortraitUpsideDown UIInterfaceOrientationLandscapeLeft UIInterfaceOrientationLandscapeRight";
				INFOPLIST_KEY_UISupportedInterfaceOrientations_iPhone = "UIInterfaceOrientationPortrait UIInterfaceOrientationLandscapeLeft UIInterfaceOrientationLandscapeRight";
				IPHONEOS_DEPLOYMENT_TARGET = 16.0;
				LD_RUNPATH_SEARCH_PATHS = (
					"$(inherited)",
					"@executable_path/Frameworks",
				);
				MARKETING_VERSION = 1.0;
				PRODUCT_BUNDLE_IDENTIFIER = "djordjear.mobile-load-io";
				PRODUCT_NAME = "$(TARGET_NAME)";
				SWIFT_EMIT_LOC_STRINGS = YES;
				SWIFT_VERSION = 5.0;
				TARGETED_DEVICE_FAMILY = "1,2";
			};
			name = Release;
		};
/* End XCBuildConfiguration section */

/* Begin XCConfigurationList section */
		23B3DE1C2C29A7D00036F4C5 /* Build configuration list for PBXProject "mobile-load.io" */ = {
			isa = XCConfigurationList;
			buildConfigurations = (
				23B3DE2D2C29A7D10036F4C5 /* Debug */,
				23B3DE2E2C29A7D10036F4C5 /* Release */,
			);
			defaultConfigurationIsVisible = 0;
			defaultConfigurationName = Release;
		};
		23B3DE2F2C29A7D10036F4C5 /* Build configuration list for PBXNativeTarget "mobile-load.io" */ = {
			isa = XCConfigurationList;
			buildConfigurations = (
				23B3DE302C29A7D10036F4C5 /* Debug */,
				23B3DE312C29A7D10036F4C5 /* Release */,
			);
			defaultConfigurationIsVisible = 0;
			defaultConfigurationName = Release;
		};
/* End XCConfigurationList section */
	};
	rootObject = 23B3DE192C29A7D00036F4C5 /* Project object */;
}
